
Microsoft Visual Studio Solution File, Format Version 12.00
# Visual Studio Version 17
VisualStudioVersion = 17.5.002.0
MinimumVisualStudioVersion = 10.0.40219.1
Project("{2150E333-8FDC-42A3-9474-1A3956D46DE8}") = "csharp-prep", "csharp-prep", "{97BDDE8F-C6EF-438C-8488-386D67317B4B}"
EndProject
Project("{9A19103F-16F7-4668-BE54-9A1E7A4F7556}") = "Prep1", "csharp-prep\Prep1\Prep1.csproj", "{16F4AD71-464A-4D3B-8702-F6F086E98F3B}"
EndProject
Project("{9A19103F-16F7-4668-BE54-9A1E7A4F7556}") = "Prep2", "csharp-prep\Prep2\Prep2.csproj", "{C2D674BE-7F7D-4D03-9DFE-067599D3DD1C}"
EndProject
Project("{9A19103F-16F7-4668-BE54-9A1E7A4F7556}") = "Prep3", "csharp-prep\Prep3\Prep3.csproj", "{9C64D12B-5B25-4689-BAE8-2568A580B645}"
EndProject
Project("{9A19103F-16F7-4668-BE54-9A1E7A4F7556}") = "Prep4", "csharp-prep\Prep4\Prep4.csproj", "{94517A39-B6E8-4627-BF8A-7438F6F52974}"
EndProject
Project("{9A19103F-16F7-4668-BE54-9A1E7A4F7556}") = "Prep5", "csharp-prep\Prep5\Prep5.csproj", "{85E1BAB7-32B5-48B9-8AEB-816803FEE66C}"
EndProject
Project("{2150E333-8FDC-42A3-9474-1A3956D46DE8}") = "final", "final", "{CA8A20A0-C721-4AFF-84B3-3D6959413965}"
EndProject
Project("{9A19103F-16F7-4668-BE54-9A1E7A4F7556}") = "FinalProject", "final\FinalProject\FinalProject.csproj", "{C179E19B-3EA5-4BFB-9746-3CF8647A8972}"
EndProject
Project("{9A19103F-16F7-4668-BE54-9A1E7A4F7556}") = "Foundation1", "final\Foundation1\Foundation1.csproj", "{E4C61741-1553-45A9-A866-818A54EDEAD0}"
EndProject
Project("{9A19103F-16F7-4668-BE54-9A1E7A4F7556}") = "Foundation2", "final\Foundation2\Foundation2.csproj", "{6E126F59-1AB9-4DFA-9401-4BE642793F4B}"
EndProject
Project("{9A19103F-16F7-4668-BE54-9A1E7A4F7556}") = "Foundation3", "final\Foundation3\Foundation3.csproj", "{125166BA-BF93-4CBE-9D35-8CAB8CAC7E7D}"
EndProject
Project("{9A19103F-16F7-4668-BE54-9A1E7A4F7556}") = "Foundation4", "final\Foundation4\Foundation4.csproj", "{CF61360B-47B9-4932-97AB-850D46A3F71B}"
EndProject
Project("{2150E333-8FDC-42A3-9474-1A3956D46DE8}") = "prepare", "prepare", "{48D23562-43CA-4F94-A39B-EEF6BB46B311}"
EndProject
Project("{9A19103F-16F7-4668-BE54-9A1E7A4F7556}") = "Learning02", "prepare\Learning02\Learning02.csproj", "{424C85E8-7A6A-43C1-9DBC-4F2F9F9A5F99}"
EndProject
Project("{9A19103F-16F7-4668-BE54-9A1E7A4F7556}") = "Learning03", "prepare\Learning03\Learning03.csproj", "{6B792A73-F0AA-4065-969F-7D2DDE23849B}"
EndProject
Project("{9A19103F-16F7-4668-BE54-9A1E7A4F7556}") = "Learning04", "prepare\Learning04\Learning04.csproj", "{96CCA8ED-DBE7-4745-8A9E-11875D700A6D}"
EndProject
Project("{9A19103F-16F7-4668-BE54-9A1E7A4F7556}") = "Learning05", "prepare\Learning05\Learning05.csproj", "{F96A14E2-AB8B-440E-8954-79B78F933EDF}"
EndProject
Project("{2150E333-8FDC-42A3-9474-1A3956D46DE8}") = "prove", "prove", "{939C2F78-2D99-4240-A29E-8AF90C836227}"
EndProject
Project("{9A19103F-16F7-4668-BE54-9A1E7A4F7556}") = "Develop02", "prove\Develop02\Develop02.csproj", "{1D0240FF-C7EF-4FC8-832E-DA064E0D08E3}"
EndProject
Project("{9A19103F-16F7-4668-BE54-9A1E7A4F7556}") = "Develop03", "prove\Develop03\Develop03.csproj", "{3D20BFEB-A1EB-4005-8A0D-D603DDA15166}"
EndProject
Project("{9A19103F-16F7-4668-BE54-9A1E7A4F7556}") = "Develop04", "prove\Develop04\Develop04.csproj", "{9B6957BA-A409-4F4B-AF5E-8BF92F7D5CD7}"
EndProject
Project("{9A19103F-16F7-4668-BE54-9A1E7A4F7556}") = "Develop05", "prove\Develop05\Develop05.csproj", "{BD0EB954-8E7D-4B69-A66D-369EC8110CB4}"
EndProject
Project("{2150E333-8FDC-42A3-9474-1A3956D46DE8}") = "sandbox", "sandbox", "{2F2FDE90-2D47-408D-AB2F-92C7B23A3242}"
EndProject
Project("{9A19103F-16F7-4668-BE54-9A1E7A4F7556}") = "Sandbox", "sandbox\Sandbox\Sandbox.csproj", "{6FA40330-EC16-4DB2-AC7E-5ED46E233177}"
EndProject
Project("{2150E333-8FDC-42A3-9474-1A3956D46DE8}") = "w01_Prove", "w01_Prove", "{B3C601B4-2F78-49EA-87EE-A6CC6D5B065D}"
EndProject
Project("{9A19103F-16F7-4668-BE54-9A1E7A4F7556}") = "Prove01", "w01_Prove\Proj1\Prove01.csproj", "{AB5C316E-E0BD-42F4-B887-B03EBD1E50D4}"
EndProject
Project("{9A19103F-16F7-4668-BE54-9A1E7A4F7556}") = "Prove11", "w01_Prove\Proj2\Prove11.csproj", "{8E87AC37-91F2-4B61-977A-019E144FC674}"
EndProject
Global
	GlobalSection(SolutionConfigurationPlatforms) = preSolution
		Debug|Any CPU = Debug|Any CPU
		Release|Any CPU = Release|Any CPU
	EndGlobalSection
	GlobalSection(ProjectConfigurationPlatforms) = postSolution
		{16F4AD71-464A-4D3B-8702-F6F086E98F3B}.Debug|Any CPU.ActiveCfg = Debug|Any CPU
		{16F4AD71-464A-4D3B-8702-F6F086E98F3B}.Debug|Any CPU.Build.0 = Debug|Any CPU
		{16F4AD71-464A-4D3B-8702-F6F086E98F3B}.Release|Any CPU.ActiveCfg = Release|Any CPU
		{16F4AD71-464A-4D3B-8702-F6F086E98F3B}.Release|Any CPU.Build.0 = Release|Any CPU
		{C2D674BE-7F7D-4D03-9DFE-067599D3DD1C}.Debug|Any CPU.ActiveCfg = Debug|Any CPU
		{C2D674BE-7F7D-4D03-9DFE-067599D3DD1C}.Debug|Any CPU.Build.0 = Debug|Any CPU
		{C2D674BE-7F7D-4D03-9DFE-067599D3DD1C}.Release|Any CPU.ActiveCfg = Release|Any CPU
		{C2D674BE-7F7D-4D03-9DFE-067599D3DD1C}.Release|Any CPU.Build.0 = Release|Any CPU
		{9C64D12B-5B25-4689-BAE8-2568A580B645}.Debug|Any CPU.ActiveCfg = Debug|Any CPU
		{9C64D12B-5B25-4689-BAE8-2568A580B645}.Debug|Any CPU.Build.0 = Debug|Any CPU
		{9C64D12B-5B25-4689-BAE8-2568A580B645}.Release|Any CPU.ActiveCfg = Release|Any CPU
		{9C64D12B-5B25-4689-BAE8-2568A580B645}.Release|Any CPU.Build.0 = Release|Any CPU
		{94517A39-B6E8-4627-BF8A-7438F6F52974}.Debug|Any CPU.ActiveCfg = Debug|Any CPU
		{94517A39-B6E8-4627-BF8A-7438F6F52974}.Debug|Any CPU.Build.0 = Debug|Any CPU
		{94517A39-B6E8-4627-BF8A-7438F6F52974}.Release|Any CPU.ActiveCfg = Release|Any CPU
		{94517A39-B6E8-4627-BF8A-7438F6F52974}.Release|Any CPU.Build.0 = Release|Any CPU
		{85E1BAB7-32B5-48B9-8AEB-816803FEE66C}.Debug|Any CPU.ActiveCfg = Debug|Any CPU
		{85E1BAB7-32B5-48B9-8AEB-816803FEE66C}.Debug|Any CPU.Build.0 = Debug|Any CPU
		{85E1BAB7-32B5-48B9-8AEB-816803FEE66C}.Release|Any CPU.ActiveCfg = Release|Any CPU
		{85E1BAB7-32B5-48B9-8AEB-816803FEE66C}.Release|Any CPU.Build.0 = Release|Any CPU
		{C179E19B-3EA5-4BFB-9746-3CF8647A8972}.Debug|Any CPU.ActiveCfg = Debug|Any CPU
		{C179E19B-3EA5-4BFB-9746-3CF8647A8972}.Debug|Any CPU.Build.0 = Debug|Any CPU
		{C179E19B-3EA5-4BFB-9746-3CF8647A8972}.Release|Any CPU.ActiveCfg = Release|Any CPU
		{C179E19B-3EA5-4BFB-9746-3CF8647A8972}.Release|Any CPU.Build.0 = Release|Any CPU
		{E4C61741-1553-45A9-A866-818A54EDEAD0}.Debug|Any CPU.ActiveCfg = Debug|Any CPU
		{E4C61741-1553-45A9-A866-818A54EDEAD0}.Debug|Any CPU.Build.0 = Debug|Any CPU
		{E4C61741-1553-45A9-A866-818A54EDEAD0}.Release|Any CPU.ActiveCfg = Release|Any CPU
		{E4C61741-1553-45A9-A866-818A54EDEAD0}.Release|Any CPU.Build.0 = Release|Any CPU
		{6E126F59-1AB9-4DFA-9401-4BE642793F4B}.Debug|Any CPU.ActiveCfg = Debug|Any CPU
		{6E126F59-1AB9-4DFA-9401-4BE642793F4B}.Debug|Any CPU.Build.0 = Debug|Any CPU
		{6E126F59-1AB9-4DFA-9401-4BE642793F4B}.Release|Any CPU.ActiveCfg = Release|Any CPU
		{6E126F59-1AB9-4DFA-9401-4BE642793F4B}.Release|Any CPU.Build.0 = Release|Any CPU
		{125166BA-BF93-4CBE-9D35-8CAB8CAC7E7D}.Debug|Any CPU.ActiveCfg = Debug|Any CPU
		{125166BA-BF93-4CBE-9D35-8CAB8CAC7E7D}.Debug|Any CPU.Build.0 = Debug|Any CPU
		{125166BA-BF93-4CBE-9D35-8CAB8CAC7E7D}.Release|Any CPU.ActiveCfg = Release|Any CPU
		{125166BA-BF93-4CBE-9D35-8CAB8CAC7E7D}.Release|Any CPU.Build.0 = Release|Any CPU
		{CF61360B-47B9-4932-97AB-850D46A3F71B}.Debug|Any CPU.ActiveCfg = Debug|Any CPU
		{CF61360B-47B9-4932-97AB-850D46A3F71B}.Debug|Any CPU.Build.0 = Debug|Any CPU
		{CF61360B-47B9-4932-97AB-850D46A3F71B}.Release|Any CPU.ActiveCfg = Release|Any CPU
		{CF61360B-47B9-4932-97AB-850D46A3F71B}.Release|Any CPU.Build.0 = Release|Any CPU
		{424C85E8-7A6A-43C1-9DBC-4F2F9F9A5F99}.Debug|Any CPU.ActiveCfg = Debug|Any CPU
		{424C85E8-7A6A-43C1-9DBC-4F2F9F9A5F99}.Debug|Any CPU.Build.0 = Debug|Any CPU
		{424C85E8-7A6A-43C1-9DBC-4F2F9F9A5F99}.Release|Any CPU.ActiveCfg = Release|Any CPU
		{424C85E8-7A6A-43C1-9DBC-4F2F9F9A5F99}.Release|Any CPU.Build.0 = Release|Any CPU
		{6B792A73-F0AA-4065-969F-7D2DDE23849B}.Debug|Any CPU.ActiveCfg = Debug|Any CPU
		{6B792A73-F0AA-4065-969F-7D2DDE23849B}.Debug|Any CPU.Build.0 = Debug|Any CPU
		{6B792A73-F0AA-4065-969F-7D2DDE23849B}.Release|Any CPU.ActiveCfg = Release|Any CPU
		{6B792A73-F0AA-4065-969F-7D2DDE23849B}.Release|Any CPU.Build.0 = Release|Any CPU
		{96CCA8ED-DBE7-4745-8A9E-11875D700A6D}.Debug|Any CPU.ActiveCfg = Debug|Any CPU
		{96CCA8ED-DBE7-4745-8A9E-11875D700A6D}.Debug|Any CPU.Build.0 = Debug|Any CPU
		{96CCA8ED-DBE7-4745-8A9E-11875D700A6D}.Release|Any CPU.ActiveCfg = Release|Any CPU
		{96CCA8ED-DBE7-4745-8A9E-11875D700A6D}.Release|Any CPU.Build.0 = Release|Any CPU
		{F96A14E2-AB8B-440E-8954-79B78F933EDF}.Debug|Any CPU.ActiveCfg = Debug|Any CPU
		{F96A14E2-AB8B-440E-8954-79B78F933EDF}.Debug|Any CPU.Build.0 = Debug|Any CPU
		{F96A14E2-AB8B-440E-8954-79B78F933EDF}.Release|Any CPU.ActiveCfg = Release|Any CPU
		{F96A14E2-AB8B-440E-8954-79B78F933EDF}.Release|Any CPU.Build.0 = Release|Any CPU
		{1D0240FF-C7EF-4FC8-832E-DA064E0D08E3}.Debug|Any CPU.ActiveCfg = Debug|Any CPU
		{1D0240FF-C7EF-4FC8-832E-DA064E0D08E3}.Debug|Any CPU.Build.0 = Debug|Any CPU
		{1D0240FF-C7EF-4FC8-832E-DA064E0D08E3}.Release|Any CPU.ActiveCfg = Release|Any CPU
		{1D0240FF-C7EF-4FC8-832E-DA064E0D08E3}.Release|Any CPU.Build.0 = Release|Any CPU
		{3D20BFEB-A1EB-4005-8A0D-D603DDA15166}.Debug|Any CPU.ActiveCfg = Debug|Any CPU
		{3D20BFEB-A1EB-4005-8A0D-D603DDA15166}.Debug|Any CPU.Build.0 = Debug|Any CPU
		{3D20BFEB-A1EB-4005-8A0D-D603DDA15166}.Release|Any CPU.ActiveCfg = Release|Any CPU
		{3D20BFEB-A1EB-4005-8A0D-D603DDA15166}.Release|Any CPU.Build.0 = Release|Any CPU
		{9B6957BA-A409-4F4B-AF5E-8BF92F7D5CD7}.Debug|Any CPU.ActiveCfg = Debug|Any CPU
		{9B6957BA-A409-4F4B-AF5E-8BF92F7D5CD7}.Debug|Any CPU.Build.0 = Debug|Any CPU
		{9B6957BA-A409-4F4B-AF5E-8BF92F7D5CD7}.Release|Any CPU.ActiveCfg = Release|Any CPU
		{9B6957BA-A409-4F4B-AF5E-8BF92F7D5CD7}.Release|Any CPU.Build.0 = Release|Any CPU
		{BD0EB954-8E7D-4B69-A66D-369EC8110CB4}.Debug|Any CPU.ActiveCfg = Debug|Any CPU
		{BD0EB954-8E7D-4B69-A66D-369EC8110CB4}.Debug|Any CPU.Build.0 = Debug|Any CPU
		{BD0EB954-8E7D-4B69-A66D-369EC8110CB4}.Release|Any CPU.ActiveCfg = Release|Any CPU
		{BD0EB954-8E7D-4B69-A66D-369EC8110CB4}.Release|Any CPU.Build.0 = Release|Any CPU
		{6FA40330-EC16-4DB2-AC7E-5ED46E233177}.Debug|Any CPU.ActiveCfg = Debug|Any CPU
		{6FA40330-EC16-4DB2-AC7E-5ED46E233177}.Debug|Any CPU.Build.0 = Debug|Any CPU
		{6FA40330-EC16-4DB2-AC7E-5ED46E233177}.Release|Any CPU.ActiveCfg = Release|Any CPU
		{6FA40330-EC16-4DB2-AC7E-5ED46E233177}.Release|Any CPU.Build.0 = Release|Any CPU
		{AB5C316E-E0BD-42F4-B887-B03EBD1E50D4}.Debug|Any CPU.ActiveCfg = Debug|Any CPU
		{AB5C316E-E0BD-42F4-B887-B03EBD1E50D4}.Debug|Any CPU.Build.0 = Debug|Any CPU
		{AB5C316E-E0BD-42F4-B887-B03EBD1E50D4}.Release|Any CPU.ActiveCfg = Release|Any CPU
		{AB5C316E-E0BD-42F4-B887-B03EBD1E50D4}.Release|Any CPU.Build.0 = Release|Any CPU
		{8E87AC37-91F2-4B61-977A-019E144FC674}.Debug|Any CPU.ActiveCfg = Debug|Any CPU
		{8E87AC37-91F2-4B61-977A-019E144FC674}.Debug|Any CPU.Build.0 = Debug|Any CPU
		{8E87AC37-91F2-4B61-977A-019E144FC674}.Release|Any CPU.ActiveCfg = Release|Any CPU
		{8E87AC37-91F2-4B61-977A-019E144FC674}.Release|Any CPU.Build.0 = Release|Any CPU
	EndGlobalSection
	GlobalSection(SolutionProperties) = preSolution
		HideSolutionNode = FALSE
	EndGlobalSection
	GlobalSection(NestedProjects) = preSolution
		{16F4AD71-464A-4D3B-8702-F6F086E98F3B} = {97BDDE8F-C6EF-438C-8488-386D67317B4B}
		{C2D674BE-7F7D-4D03-9DFE-067599D3DD1C} = {97BDDE8F-C6EF-438C-8488-386D67317B4B}
		{9C64D12B-5B25-4689-BAE8-2568A580B645} = {97BDDE8F-C6EF-438C-8488-386D67317B4B}
		{94517A39-B6E8-4627-BF8A-7438F6F52974} = {97BDDE8F-C6EF-438C-8488-386D67317B4B}
		{85E1BAB7-32B5-48B9-8AEB-816803FEE66C} = {97BDDE8F-C6EF-438C-8488-386D67317B4B}
		{C179E19B-3EA5-4BFB-9746-3CF8647A8972} = {CA8A20A0-C721-4AFF-84B3-3D6959413965}
		{E4C61741-1553-45A9-A866-818A54EDEAD0} = {CA8A20A0-C721-4AFF-84B3-3D6959413965}
		{6E126F59-1AB9-4DFA-9401-4BE642793F4B} = {CA8A20A0-C721-4AFF-84B3-3D6959413965}
		{125166BA-BF93-4CBE-9D35-8CAB8CAC7E7D} = {CA8A20A0-C721-4AFF-84B3-3D6959413965}
		{CF61360B-47B9-4932-97AB-850D46A3F71B} = {CA8A20A0-C721-4AFF-84B3-3D6959413965}
		{424C85E8-7A6A-43C1-9DBC-4F2F9F9A5F99} = {48D23562-43CA-4F94-A39B-EEF6BB46B311}
		{6B792A73-F0AA-4065-969F-7D2DDE23849B} = {48D23562-43CA-4F94-A39B-EEF6BB46B311}
		{96CCA8ED-DBE7-4745-8A9E-11875D700A6D} = {48D23562-43CA-4F94-A39B-EEF6BB46B311}
		{F96A14E2-AB8B-440E-8954-79B78F933EDF} = {48D23562-43CA-4F94-A39B-EEF6BB46B311}
		{1D0240FF-C7EF-4FC8-832E-DA064E0D08E3} = {939C2F78-2D99-4240-A29E-8AF90C836227}
		{3D20BFEB-A1EB-4005-8A0D-D603DDA15166} = {939C2F78-2D99-4240-A29E-8AF90C836227}
		{9B6957BA-A409-4F4B-AF5E-8BF92F7D5CD7} = {939C2F78-2D99-4240-A29E-8AF90C836227}
		{BD0EB954-8E7D-4B69-A66D-369EC8110CB4} = {939C2F78-2D99-4240-A29E-8AF90C836227}
		{6FA40330-EC16-4DB2-AC7E-5ED46E233177} = {2F2FDE90-2D47-408D-AB2F-92C7B23A3242}
		{AB5C316E-E0BD-42F4-B887-B03EBD1E50D4} = {B3C601B4-2F78-49EA-87EE-A6CC6D5B065D}
		{8E87AC37-91F2-4B61-977A-019E144FC674} = {B3C601B4-2F78-49EA-87EE-A6CC6D5B065D}
	EndGlobalSection
	GlobalSection(ExtensibilityGlobals) = postSolution
		SolutionGuid = {7DCF76CF-A029-40CC-9D5E-44BD391A7123}
	EndGlobalSection
EndGlobal
